
Microsoft Visual Studio Solution File, Format Version 12.00
# Visual Studio Version 16
VisualStudioVersion = 16.0.30002.166
MinimumVisualStudioVersion = 10.0.40219.1
Project("{9A19103F-16F7-4668-BE54-9A1E7A4F7556}") = "Book store", "Book store\Book store.csproj", "{7F609D45-21AF-4062-955F-F64EA4CBA989}"
EndProject
Project("{FAE04EC0-301F-11D3-BF4B-00C04F79EFBC}") = "BookStore.DataAccess", "BookStore.DataAccess\BookStore.DataAccess.csproj", "{3545D65D-2353-4319-8E11-6F4704697409}"
EndProject
Project("{FAE04EC0-301F-11D3-BF4B-00C04F79EFBC}") = "BookStore.Models", "BookStore.Models\BookStore.Models.csproj", "{95C3D128-457C-4C4D-A9F6-5A7E498FAC6C}"
EndProject
Project("{FAE04EC0-301F-11D3-BF4B-00C04F79EFBC}") = "BookStore.Utility", "BookStore.Utility\BookStore.Utility.csproj", "{D92932E6-3732-4942-84B2-D55211B08C79}"
EndProject
Global
	GlobalSection(SolutionConfigurationPlatforms) = preSolution
		Debug|Any CPU = Debug|Any CPU
		Release|Any CPU = Release|Any CPU
	EndGlobalSection
	GlobalSection(ProjectConfigurationPlatforms) = postSolution
		{7F609D45-21AF-4062-955F-F64EA4CBA989}.Debug|Any CPU.ActiveCfg = Debug|Any CPU
		{7F609D45-21AF-4062-955F-F64EA4CBA989}.Debug|Any CPU.Build.0 = Debug|Any CPU
		{7F609D45-21AF-4062-955F-F64EA4CBA989}.Release|Any CPU.ActiveCfg = Release|Any CPU
		{7F609D45-21AF-4062-955F-F64EA4CBA989}.Release|Any CPU.Build.0 = Release|Any CPU
		{3545D65D-2353-4319-8E11-6F4704697409}.Debug|Any CPU.ActiveCfg = Debug|Any CPU
		{3545D65D-2353-4319-8E11-6F4704697409}.Debug|Any CPU.Build.0 = Debug|Any CPU
		{3545D65D-2353-4319-8E11-6F4704697409}.Release|Any CPU.ActiveCfg = Release|Any CPU
		{3545D65D-2353-4319-8E11-6F4704697409}.Release|Any CPU.Build.0 = Release|Any CPU
		{95C3D128-457C-4C4D-A9F6-5A7E498FAC6C}.Debug|Any CPU.ActiveCfg = Debug|Any CPU
		{95C3D128-457C-4C4D-A9F6-5A7E498FAC6C}.Debug|Any CPU.Build.0 = Debug|Any CPU
		{95C3D128-457C-4C4D-A9F6-5A7E498FAC6C}.Release|Any CPU.ActiveCfg = Release|Any CPU
		{95C3D128-457C-4C4D-A9F6-5A7E498FAC6C}.Release|Any CPU.Build.0 = Release|Any CPU
		{D92932E6-3732-4942-84B2-D55211B08C79}.Debug|Any CPU.ActiveCfg = Debug|Any CPU
		{D92932E6-3732-4942-84B2-D55211B08C79}.Debug|Any CPU.Build.0 = Debug|Any CPU
		{D92932E6-3732-4942-84B2-D55211B08C79}.Release|Any CPU.ActiveCfg = Release|Any CPU
		{D92932E6-3732-4942-84B2-D55211B08C79}.Release|Any CPU.Build.0 = Release|Any CPU
	EndGlobalSection
	GlobalSection(SolutionProperties) = preSolution
		HideSolutionNode = FALSE
	EndGlobalSection
	GlobalSection(ExtensibilityGlobals) = postSolution
		SolutionGuid = {29561B33-8CB6-4F15-9CBE-415915354D44}
	EndGlobalSection
EndGlobal
